// !$*UTF8*$!
{
	archiveVersion = 1;
	classes = {
	};
	objectVersion = 56;
	objects = {

/* Begin PBXBuildFile section */
		0518B7912BAC27A700A26960 /* ApplicationDelegate.swift in Sources */ = {isa = PBXBuildFile; fileRef = 0518B7902BAC27A600A26960 /* ApplicationDelegate.swift */; };
		0518B7932BAC27A800A26960 /* Assets.xcassets in Resources */ = {isa = PBXBuildFile; fileRef = 0518B7922BAC27A800A26960 /* Assets.xcassets */; };
		0518B7962BAC27A800A26960 /* Base in Resources */ = {isa = PBXBuildFile; fileRef = 0518B7952BAC27A800A26960 /* Base */; };
		0518B79E2BAC27DD00A26960 /* MainWindowController.swift in Sources */ = {isa = PBXBuildFile; fileRef = 0518B79D2BAC27DD00A26960 /* MainWindowController.swift */; };
		0518B7A02BAC27F400A26960 /* MainWindowController.xib in Resources */ = {isa = PBXBuildFile; fileRef = 0518B79F2BAC27F400A26960 /* MainWindowController.xib */; };
		0518B7A52BAC281B00A26960 /* AboutWindowController.swift in Sources */ = {isa = PBXBuildFile; fileRef = 0518B7A12BAC281B00A26960 /* AboutWindowController.swift */; };
		0518B7A62BAC281B00A26960 /* PreferencesWindowController.xib in Resources */ = {isa = PBXBuildFile; fileRef = 0518B7A22BAC281B00A26960 /* PreferencesWindowController.xib */; };
		0518B7A72BAC281B00A26960 /* PreferencesWindowController.swift in Sources */ = {isa = PBXBuildFile; fileRef = 0518B7A32BAC281B00A26960 /* PreferencesWindowController.swift */; };
		0518B7A82BAC281B00A26960 /* AboutWindowController.xib in Resources */ = {isa = PBXBuildFile; fileRef = 0518B7A42BAC281B00A26960 /* AboutWindowController.xib */; };
		0518B7AC2BAC313400A26960 /* ImagesSelectionViewController.swift in Sources */ = {isa = PBXBuildFile; fileRef = 0518B7AB2BAC313400A26960 /* ImagesSelectionViewController.swift */; };
		0518B7AE2BAC313F00A26960 /* ImagesSelectionViewController.xib in Resources */ = {isa = PBXBuildFile; fileRef = 0518B7AD2BAC313F00A26960 /* ImagesSelectionViewController.xib */; };
		0518B7B02BAC325900A26960 /* BoxView.swift in Sources */ = {isa = PBXBuildFile; fileRef = 0518B7AF2BAC325900A26960 /* BoxView.swift */; };
		0518B7B22BAC340200A26960 /* NSAppearance.swift in Sources */ = {isa = PBXBuildFile; fileRef = 0518B7B12BAC340200A26960 /* NSAppearance.swift */; };
		05219C222BAC8BC2002B838A /* Preferences.swift in Sources */ = {isa = PBXBuildFile; fileRef = 05219C212BAC8BC2002B838A /* Preferences.swift */; };
		05219C372BAE470D002B838A /* ImageInfo.swift in Sources */ = {isa = PBXBuildFile; fileRef = 05219C362BAE470D002B838A /* ImageInfo.swift */; };
		0541F5022BAF8889003E981F /* NSView.swift in Sources */ = {isa = PBXBuildFile; fileRef = 0541F5012BAF8889003E981F /* NSView.swift */; };
		05A6E9A02BAEFF9F007554AF /* ArrayIsEmpty.swift in Sources */ = {isa = PBXBuildFile; fileRef = 05A6E99F2BAEFF9F007554AF /* ArrayIsEmpty.swift */; };
		05C3134D2BAC51A300867CBF /* PreferenceValue.swift in Sources */ = {isa = PBXBuildFile; fileRef = 05C3134C2BAC51A300867CBF /* PreferenceValue.swift */; };
		05DD5B6C2BB1F4B500D3A156 /* SizeTransformer.swift in Sources */ = {isa = PBXBuildFile; fileRef = 05DD5B6B2BB1F4B500D3A156 /* SizeTransformer.swift */; };
		05DD5BAE2BB2330600D3A156 /* Application.m in Sources */ = {isa = PBXBuildFile; fileRef = 05DD5BAD2BB2330600D3A156 /* Application.m */; };
/* End PBXBuildFile section */

/* Begin PBXFileReference section */
		0518B78D2BAC27A600A26960 /* SimpleSiril.app */ = {isa = PBXFileReference; explicitFileType = wrapper.application; includeInIndex = 0; path = SimpleSiril.app; sourceTree = BUILT_PRODUCTS_DIR; };
		0518B7902BAC27A600A26960 /* ApplicationDelegate.swift */ = {isa = PBXFileReference; lastKnownFileType = sourcecode.swift; path = ApplicationDelegate.swift; sourceTree = "<group>"; };
		0518B7922BAC27A800A26960 /* Assets.xcassets */ = {isa = PBXFileReference; lastKnownFileType = folder.assetcatalog; path = Assets.xcassets; sourceTree = "<group>"; };
		0518B7952BAC27A800A26960 /* Base */ = {isa = PBXFileReference; lastKnownFileType = file.xib; name = Base; path = Base.lproj/MainMenu.xib; sourceTree = "<group>"; };
		0518B7972BAC27A800A26960 /* SimpleSiril.entitlements */ = {isa = PBXFileReference; lastKnownFileType = text.plist.entitlements; path = SimpleSiril.entitlements; sourceTree = "<group>"; };
		0518B79D2BAC27DD00A26960 /* MainWindowController.swift */ = {isa = PBXFileReference; lastKnownFileType = sourcecode.swift; path = MainWindowController.swift; sourceTree = "<group>"; };
		0518B79F2BAC27F400A26960 /* MainWindowController.xib */ = {isa = PBXFileReference; lastKnownFileType = file.xib; path = MainWindowController.xib; sourceTree = "<group>"; };
		0518B7A12BAC281B00A26960 /* AboutWindowController.swift */ = {isa = PBXFileReference; fileEncoding = 4; lastKnownFileType = sourcecode.swift; path = AboutWindowController.swift; sourceTree = "<group>"; };
		0518B7A22BAC281B00A26960 /* PreferencesWindowController.xib */ = {isa = PBXFileReference; fileEncoding = 4; lastKnownFileType = file.xib; path = PreferencesWindowController.xib; sourceTree = "<group>"; };
		0518B7A32BAC281B00A26960 /* PreferencesWindowController.swift */ = {isa = PBXFileReference; fileEncoding = 4; lastKnownFileType = sourcecode.swift; path = PreferencesWindowController.swift; sourceTree = "<group>"; };
		0518B7A42BAC281B00A26960 /* AboutWindowController.xib */ = {isa = PBXFileReference; fileEncoding = 4; lastKnownFileType = file.xib; path = AboutWindowController.xib; sourceTree = "<group>"; };
		0518B7AB2BAC313400A26960 /* ImagesSelectionViewController.swift */ = {isa = PBXFileReference; lastKnownFileType = sourcecode.swift; path = ImagesSelectionViewController.swift; sourceTree = "<group>"; };
		0518B7AD2BAC313F00A26960 /* ImagesSelectionViewController.xib */ = {isa = PBXFileReference; lastKnownFileType = file.xib; path = ImagesSelectionViewController.xib; sourceTree = "<group>"; };
		0518B7AF2BAC325900A26960 /* BoxView.swift */ = {isa = PBXFileReference; lastKnownFileType = sourcecode.swift; path = BoxView.swift; sourceTree = "<group>"; };
		0518B7B12BAC340200A26960 /* NSAppearance.swift */ = {isa = PBXFileReference; fileEncoding = 4; lastKnownFileType = sourcecode.swift; path = NSAppearance.swift; sourceTree = "<group>"; };
		05219C212BAC8BC2002B838A /* Preferences.swift */ = {isa = PBXFileReference; lastKnownFileType = sourcecode.swift; path = Preferences.swift; sourceTree = "<group>"; };
		05219C362BAE470D002B838A /* ImageInfo.swift */ = {isa = PBXFileReference; lastKnownFileType = sourcecode.swift; path = ImageInfo.swift; sourceTree = "<group>"; };
		0541F5012BAF8889003E981F /* NSView.swift */ = {isa = PBXFileReference; lastKnownFileType = sourcecode.swift; path = NSView.swift; sourceTree = "<group>"; };
		05A6E99F2BAEFF9F007554AF /* ArrayIsEmpty.swift */ = {isa = PBXFileReference; lastKnownFileType = sourcecode.swift; path = ArrayIsEmpty.swift; sourceTree = "<group>"; };
		05C3134C2BAC51A300867CBF /* PreferenceValue.swift */ = {isa = PBXFileReference; lastKnownFileType = sourcecode.swift; path = PreferenceValue.swift; sourceTree = "<group>"; };
		05DD5B6B2BB1F4B500D3A156 /* SizeTransformer.swift */ = {isa = PBXFileReference; lastKnownFileType = sourcecode.swift; path = SizeTransformer.swift; sourceTree = "<group>"; };
		05DD5B6D2BB21E3700D3A156 /* FUNDING.yml */ = {isa = PBXFileReference; lastKnownFileType = text.yaml; path = FUNDING.yml; sourceTree = "<group>"; };
		05DD5B6F2BB21E3700D3A156 /* C++.xcconfig */ = {isa = PBXFileReference; lastKnownFileType = text.xcconfig; path = "C++.xcconfig"; sourceTree = "<group>"; };
		05DD5B702BB21E3700D3A156 /* Modules.xcconfig */ = {isa = PBXFileReference; lastKnownFileType = text.xcconfig; path = Modules.xcconfig; sourceTree = "<group>"; };
		05DD5B712BB21E3700D3A156 /* Objective-C.xcconfig */ = {isa = PBXFileReference; lastKnownFileType = text.xcconfig; path = "Objective-C.xcconfig"; sourceTree = "<group>"; };
		05DD5B732BB21E3700D3A156 /* All-Languages.xcconfig */ = {isa = PBXFileReference; lastKnownFileType = text.xcconfig; path = "All-Languages.xcconfig"; sourceTree = "<group>"; };
		05DD5B742BB21E3700D3A156 /* C++.xcconfig */ = {isa = PBXFileReference; lastKnownFileType = text.xcconfig; path = "C++.xcconfig"; sourceTree = "<group>"; };
		05DD5B752BB21E3700D3A156 /* Objective-C-ARC.xcconfig */ = {isa = PBXFileReference; lastKnownFileType = text.xcconfig; path = "Objective-C-ARC.xcconfig"; sourceTree = "<group>"; };
		05DD5B762BB21E3700D3A156 /* Objective-C.xcconfig */ = {isa = PBXFileReference; lastKnownFileType = text.xcconfig; path = "Objective-C.xcconfig"; sourceTree = "<group>"; };
		05DD5B782BB21E3700D3A156 /* Address-Sanitizer.xcconfig */ = {isa = PBXFileReference; lastKnownFileType = text.xcconfig; path = "Address-Sanitizer.xcconfig"; sourceTree = "<group>"; };
		05DD5B792BB21E3700D3A156 /* Code-Generation.xcconfig */ = {isa = PBXFileReference; lastKnownFileType = text.xcconfig; path = "Code-Generation.xcconfig"; sourceTree = "<group>"; };
		05DD5B7A2BB21E3700D3A156 /* Language.xcconfig */ = {isa = PBXFileReference; lastKnownFileType = text.xcconfig; path = Language.xcconfig; sourceTree = "<group>"; };
		05DD5B7B2BB21E3700D3A156 /* Preprocessing.xcconfig */ = {isa = PBXFileReference; lastKnownFileType = text.xcconfig; path = Preprocessing.xcconfig; sourceTree = "<group>"; };
		05DD5B7C2BB21E3700D3A156 /* Undefined-Behavior-Sanitizer.xcconfig */ = {isa = PBXFileReference; lastKnownFileType = text.xcconfig; path = "Undefined-Behavior-Sanitizer.xcconfig"; sourceTree = "<group>"; };
		05DD5B7D2BB21E3700D3A156 /* Warning-Policies.xcconfig */ = {isa = PBXFileReference; lastKnownFileType = text.xcconfig; path = "Warning-Policies.xcconfig"; sourceTree = "<group>"; };
		05DD5B7E2BB21E3700D3A156 /* Warnings.xcconfig */ = {isa = PBXFileReference; lastKnownFileType = text.xcconfig; path = Warnings.xcconfig; sourceTree = "<group>"; };
		05DD5B802BB21E3700D3A156 /* Analysis-Policy.xcconfig */ = {isa = PBXFileReference; lastKnownFileType = text.xcconfig; path = "Analysis-Policy.xcconfig"; sourceTree = "<group>"; };
		05DD5B812BB21E3700D3A156 /* Apple-APIs.xcconfig */ = {isa = PBXFileReference; lastKnownFileType = text.xcconfig; path = "Apple-APIs.xcconfig"; sourceTree = "<group>"; };
		05DD5B822BB21E3700D3A156 /* Generic-Issues.xcconfig */ = {isa = PBXFileReference; lastKnownFileType = text.xcconfig; path = "Generic-Issues.xcconfig"; sourceTree = "<group>"; };
		05DD5B832BB21E3700D3A156 /* Objective-C.xcconfig */ = {isa = PBXFileReference; lastKnownFileType = text.xcconfig; path = "Objective-C.xcconfig"; sourceTree = "<group>"; };
		05DD5B842BB21E3700D3A156 /* Security.xcconfig */ = {isa = PBXFileReference; lastKnownFileType = text.xcconfig; path = Security.xcconfig; sourceTree = "<group>"; };
		05DD5B862BB21E3700D3A156 /* Issues.xcconfig */ = {isa = PBXFileReference; lastKnownFileType = text.xcconfig; path = Issues.xcconfig; sourceTree = "<group>"; };
		05DD5B882BB21E3700D3A156 /* Code-Generation.xcconfig */ = {isa = PBXFileReference; lastKnownFileType = text.xcconfig; path = "Code-Generation.xcconfig"; sourceTree = "<group>"; };
		05DD5B892BB21E3700D3A156 /* General.xcconfig */ = {isa = PBXFileReference; lastKnownFileType = text.xcconfig; path = General.xcconfig; sourceTree = "<group>"; };
		05DD5B8A2BB21E3700D3A156 /* Language.xcconfig */ = {isa = PBXFileReference; lastKnownFileType = text.xcconfig; path = Language.xcconfig; sourceTree = "<group>"; };
		05DD5B8B2BB21E3700D3A156 /* Warnings-Policies.xcconfig */ = {isa = PBXFileReference; lastKnownFileType = text.xcconfig; path = "Warnings-Policies.xcconfig"; sourceTree = "<group>"; };
		05DD5B8D2BB21E3700D3A156 /* Apple-LLVM.xcconfig */ = {isa = PBXFileReference; lastKnownFileType = text.xcconfig; path = "Apple-LLVM.xcconfig"; sourceTree = "<group>"; };
		05DD5B8E2BB21E3700D3A156 /* Architectures.xcconfig */ = {isa = PBXFileReference; lastKnownFileType = text.xcconfig; path = Architectures.xcconfig; sourceTree = "<group>"; };
		05DD5B8F2BB21E3700D3A156 /* Build-Options.xcconfig */ = {isa = PBXFileReference; lastKnownFileType = text.xcconfig; path = "Build-Options.xcconfig"; sourceTree = "<group>"; };
		05DD5B902BB21E3700D3A156 /* Deployment.xcconfig */ = {isa = PBXFileReference; lastKnownFileType = text.xcconfig; path = Deployment.xcconfig; sourceTree = "<group>"; };
		05DD5B912BB21E3700D3A156 /* Search-Paths.xcconfig */ = {isa = PBXFileReference; lastKnownFileType = text.xcconfig; path = "Search-Paths.xcconfig"; sourceTree = "<group>"; };
		05DD5B922BB21E3700D3A156 /* Signing.xcconfig */ = {isa = PBXFileReference; lastKnownFileType = text.xcconfig; path = Signing.xcconfig; sourceTree = "<group>"; };
		05DD5B932BB21E3700D3A156 /* Static-Analyzer.xcconfig */ = {isa = PBXFileReference; lastKnownFileType = text.xcconfig; path = "Static-Analyzer.xcconfig"; sourceTree = "<group>"; };
		05DD5B942BB21E3700D3A156 /* Swift-Compiler.xcconfig */ = {isa = PBXFileReference; lastKnownFileType = text.xcconfig; path = "Swift-Compiler.xcconfig"; sourceTree = "<group>"; };
		05DD5B962BB21E3700D3A156 /* ccache-config.sh */ = {isa = PBXFileReference; lastKnownFileType = text.script.sh; path = "ccache-config.sh"; sourceTree = "<group>"; };
		05DD5B972BB21E3700D3A156 /* ccache.sh */ = {isa = PBXFileReference; lastKnownFileType = text.script.sh; path = ccache.sh; sourceTree = "<group>"; };
		05DD5B992BB21E3700D3A156 /* .gitignore */ = {isa = PBXFileReference; lastKnownFileType = text; path = .gitignore; sourceTree = "<group>"; };
		05DD5B9A2BB21E3700D3A156 /* CODE_OF_CONDUCT.md */ = {isa = PBXFileReference; lastKnownFileType = net.daringfireball.markdown; path = CODE_OF_CONDUCT.md; sourceTree = "<group>"; };
		05DD5B9B2BB21E3700D3A156 /* Common.xcconfig */ = {isa = PBXFileReference; lastKnownFileType = text.xcconfig; path = Common.xcconfig; sourceTree = "<group>"; };
		05DD5B9C2BB21E3700D3A156 /* Debug - ccache.xcconfig */ = {isa = PBXFileReference; lastKnownFileType = text.xcconfig; path = "Debug - ccache.xcconfig"; sourceTree = "<group>"; };
		05DD5B9D2BB21E3700D3A156 /* Debug - Library.xcconfig */ = {isa = PBXFileReference; lastKnownFileType = text.xcconfig; path = "Debug - Library.xcconfig"; sourceTree = "<group>"; };
		05DD5B9E2BB21E3700D3A156 /* Debug - zld.xcconfig */ = {isa = PBXFileReference; lastKnownFileType = text.xcconfig; path = "Debug - zld.xcconfig"; sourceTree = "<group>"; };
		05DD5B9F2BB21E3700D3A156 /* Debug.xcconfig */ = {isa = PBXFileReference; lastKnownFileType = text.xcconfig; path = Debug.xcconfig; sourceTree = "<group>"; };
		05DD5BA02BB21E3700D3A156 /* README.md */ = {isa = PBXFileReference; lastKnownFileType = net.daringfireball.markdown; path = README.md; sourceTree = "<group>"; };
		05DD5BA12BB21E3700D3A156 /* Release - ccache.xcconfig */ = {isa = PBXFileReference; lastKnownFileType = text.xcconfig; path = "Release - ccache.xcconfig"; sourceTree = "<group>"; };
		05DD5BA22BB21E3700D3A156 /* Release - Library.xcconfig */ = {isa = PBXFileReference; lastKnownFileType = text.xcconfig; path = "Release - Library.xcconfig"; sourceTree = "<group>"; };
		05DD5BA32BB21E3700D3A156 /* Release.xcconfig */ = {isa = PBXFileReference; lastKnownFileType = text.xcconfig; path = Release.xcconfig; sourceTree = "<group>"; };
		05DD5BA52BB21ED700D3A156 /* Info.plist */ = {isa = PBXFileReference; fileEncoding = 4; lastKnownFileType = text.plist.xml; path = Info.plist; sourceTree = "<group>"; };
		05DD5BAB2BB2330500D3A156 /* Bridging-Header.h */ = {isa = PBXFileReference; lastKnownFileType = sourcecode.c.h; path = "Bridging-Header.h"; sourceTree = "<group>"; };
		05DD5BAC2BB2330600D3A156 /* Application.h */ = {isa = PBXFileReference; lastKnownFileType = sourcecode.c.h; path = Application.h; sourceTree = "<group>"; };
		05DD5BAD2BB2330600D3A156 /* Application.m */ = {isa = PBXFileReference; lastKnownFileType = sourcecode.c.objc; path = Application.m; sourceTree = "<group>"; };
/* End PBXFileReference section */

/* Begin PBXFrameworksBuildPhase section */
		0518B78A2BAC27A600A26960 /* Frameworks */ = {
			isa = PBXFrameworksBuildPhase;
			buildActionMask = 2147483647;
			files = (
			);
			runOnlyForDeploymentPostprocessing = 0;
		};
/* End PBXFrameworksBuildPhase section */

/* Begin PBXGroup section */
		0518B7842BAC27A600A26960 = {
			isa = PBXGroup;
			children = (
				05DD5BA42BB21E3700D3A156 /* xcconfig */,
				0518B78F2BAC27A600A26960 /* SimpleSiril */,
				0518B78E2BAC27A600A26960 /* Products */,
			);
			sourceTree = "<group>";
		};
		0518B78E2BAC27A600A26960 /* Products */ = {
			isa = PBXGroup;
			children = (
				0518B78D2BAC27A600A26960 /* SimpleSiril.app */,
			);
			name = Products;
			sourceTree = "<group>";
		};
		0518B78F2BAC27A600A26960 /* SimpleSiril */ = {
			isa = PBXGroup;
			children = (
				0518B7A92BAC281D00A26960 /* Classes */,
				0518B7AA2BAC282200A26960 /* Supporting Files */,
			);
			path = SimpleSiril;
			sourceTree = "<group>";
		};
		0518B7A92BAC281D00A26960 /* Classes */ = {
			isa = PBXGroup;
			children = (
				0518B7A12BAC281B00A26960 /* AboutWindowController.swift */,
				0518B7A42BAC281B00A26960 /* AboutWindowController.xib */,
				05DD5BAC2BB2330600D3A156 /* Application.h */,
				05DD5BAD2BB2330600D3A156 /* Application.m */,
				0518B7902BAC27A600A26960 /* ApplicationDelegate.swift */,
				05A6E99F2BAEFF9F007554AF /* ArrayIsEmpty.swift */,
				0518B7AF2BAC325900A26960 /* BoxView.swift */,
				05219C362BAE470D002B838A /* ImageInfo.swift */,
				0518B7AB2BAC313400A26960 /* ImagesSelectionViewController.swift */,
				0518B7AD2BAC313F00A26960 /* ImagesSelectionViewController.xib */,
				0518B79D2BAC27DD00A26960 /* MainWindowController.swift */,
				0518B79F2BAC27F400A26960 /* MainWindowController.xib */,
				0518B7B12BAC340200A26960 /* NSAppearance.swift */,
				0541F5012BAF8889003E981F /* NSView.swift */,
				05219C212BAC8BC2002B838A /* Preferences.swift */,
				0518B7A32BAC281B00A26960 /* PreferencesWindowController.swift */,
				0518B7A22BAC281B00A26960 /* PreferencesWindowController.xib */,
				05C3134C2BAC51A300867CBF /* PreferenceValue.swift */,
				05DD5B6B2BB1F4B500D3A156 /* SizeTransformer.swift */,
			);
			path = Classes;
			sourceTree = "<group>";
		};
		0518B7AA2BAC282200A26960 /* Supporting Files */ = {
			isa = PBXGroup;
			children = (
				05DD5BAB2BB2330500D3A156 /* Bridging-Header.h */,
				0518B7922BAC27A800A26960 /* Assets.xcassets */,
				05DD5BA52BB21ED700D3A156 /* Info.plist */,
				0518B7942BAC27A800A26960 /* MainMenu.xib */,
				0518B7972BAC27A800A26960 /* SimpleSiril.entitlements */,
			);
			name = "Supporting Files";
			sourceTree = "<group>";
		};
		05DD5B6E2BB21E3700D3A156 /* .github */ = {
			isa = PBXGroup;
			children = (
				05DD5B6D2BB21E3700D3A156 /* FUNDING.yml */,
			);
			path = .github;
			sourceTree = "<group>";
		};
		05DD5B722BB21E3700D3A156 /* Language */ = {
			isa = PBXGroup;
			children = (
				05DD5B6F2BB21E3700D3A156 /* C++.xcconfig */,
				05DD5B702BB21E3700D3A156 /* Modules.xcconfig */,
				05DD5B712BB21E3700D3A156 /* Objective-C.xcconfig */,
			);
			path = Language;
			sourceTree = "<group>";
		};
		05DD5B772BB21E3700D3A156 /* Warnings */ = {
			isa = PBXGroup;
			children = (
				05DD5B732BB21E3700D3A156 /* All-Languages.xcconfig */,
				05DD5B742BB21E3700D3A156 /* C++.xcconfig */,
				05DD5B752BB21E3700D3A156 /* Objective-C-ARC.xcconfig */,
				05DD5B762BB21E3700D3A156 /* Objective-C.xcconfig */,
			);
			path = Warnings;
			sourceTree = "<group>";
		};
		05DD5B7F2BB21E3700D3A156 /* Apple-LLVM */ = {
			isa = PBXGroup;
			children = (
				05DD5B722BB21E3700D3A156 /* Language */,
				05DD5B772BB21E3700D3A156 /* Warnings */,
				05DD5B782BB21E3700D3A156 /* Address-Sanitizer.xcconfig */,
				05DD5B792BB21E3700D3A156 /* Code-Generation.xcconfig */,
				05DD5B7A2BB21E3700D3A156 /* Language.xcconfig */,
				05DD5B7B2BB21E3700D3A156 /* Preprocessing.xcconfig */,
				05DD5B7C2BB21E3700D3A156 /* Undefined-Behavior-Sanitizer.xcconfig */,
				05DD5B7D2BB21E3700D3A156 /* Warning-Policies.xcconfig */,
				05DD5B7E2BB21E3700D3A156 /* Warnings.xcconfig */,
			);
			path = "Apple-LLVM";
			sourceTree = "<group>";
		};
		05DD5B852BB21E3700D3A156 /* Issues */ = {
			isa = PBXGroup;
			children = (
				05DD5B802BB21E3700D3A156 /* Analysis-Policy.xcconfig */,
				05DD5B812BB21E3700D3A156 /* Apple-APIs.xcconfig */,
				05DD5B822BB21E3700D3A156 /* Generic-Issues.xcconfig */,
				05DD5B832BB21E3700D3A156 /* Objective-C.xcconfig */,
				05DD5B842BB21E3700D3A156 /* Security.xcconfig */,
			);
			path = Issues;
			sourceTree = "<group>";
		};
		05DD5B872BB21E3700D3A156 /* Static-Analyzer */ = {
			isa = PBXGroup;
			children = (
				05DD5B852BB21E3700D3A156 /* Issues */,
				05DD5B862BB21E3700D3A156 /* Issues.xcconfig */,
			);
			path = "Static-Analyzer";
			sourceTree = "<group>";
		};
		05DD5B8C2BB21E3700D3A156 /* Swift-Compiler */ = {
			isa = PBXGroup;
			children = (
				05DD5B882BB21E3700D3A156 /* Code-Generation.xcconfig */,
				05DD5B892BB21E3700D3A156 /* General.xcconfig */,
				05DD5B8A2BB21E3700D3A156 /* Language.xcconfig */,
				05DD5B8B2BB21E3700D3A156 /* Warnings-Policies.xcconfig */,
			);
			path = "Swift-Compiler";
			sourceTree = "<group>";
		};
		05DD5B952BB21E3700D3A156 /* Common */ = {
			isa = PBXGroup;
			children = (
				05DD5B7F2BB21E3700D3A156 /* Apple-LLVM */,
				05DD5B872BB21E3700D3A156 /* Static-Analyzer */,
				05DD5B8C2BB21E3700D3A156 /* Swift-Compiler */,
				05DD5B8D2BB21E3700D3A156 /* Apple-LLVM.xcconfig */,
				05DD5B8E2BB21E3700D3A156 /* Architectures.xcconfig */,
				05DD5B8F2BB21E3700D3A156 /* Build-Options.xcconfig */,
				05DD5B902BB21E3700D3A156 /* Deployment.xcconfig */,
				05DD5B912BB21E3700D3A156 /* Search-Paths.xcconfig */,
				05DD5B922BB21E3700D3A156 /* Signing.xcconfig */,
				05DD5B932BB21E3700D3A156 /* Static-Analyzer.xcconfig */,
				05DD5B942BB21E3700D3A156 /* Swift-Compiler.xcconfig */,
			);
			path = Common;
			sourceTree = "<group>";
		};
		05DD5B982BB21E3700D3A156 /* Scripts */ = {
			isa = PBXGroup;
			children = (
				05DD5B962BB21E3700D3A156 /* ccache-config.sh */,
				05DD5B972BB21E3700D3A156 /* ccache.sh */,
			);
			path = Scripts;
			sourceTree = "<group>";
		};
		05DD5BA42BB21E3700D3A156 /* xcconfig */ = {
			isa = PBXGroup;
			children = (
				05DD5B6E2BB21E3700D3A156 /* .github */,
				05DD5B952BB21E3700D3A156 /* Common */,
				05DD5B982BB21E3700D3A156 /* Scripts */,
				05DD5B992BB21E3700D3A156 /* .gitignore */,
				05DD5B9A2BB21E3700D3A156 /* CODE_OF_CONDUCT.md */,
				05DD5B9B2BB21E3700D3A156 /* Common.xcconfig */,
				05DD5B9C2BB21E3700D3A156 /* Debug - ccache.xcconfig */,
				05DD5B9D2BB21E3700D3A156 /* Debug - Library.xcconfig */,
				05DD5B9E2BB21E3700D3A156 /* Debug - zld.xcconfig */,
				05DD5B9F2BB21E3700D3A156 /* Debug.xcconfig */,
				05DD5BA02BB21E3700D3A156 /* README.md */,
				05DD5BA12BB21E3700D3A156 /* Release - ccache.xcconfig */,
				05DD5BA22BB21E3700D3A156 /* Release - Library.xcconfig */,
				05DD5BA32BB21E3700D3A156 /* Release.xcconfig */,
			);
			name = xcconfig;
			path = Submodules/xcconfig;
			sourceTree = "<group>";
		};
/* End PBXGroup section */

/* Begin PBXNativeTarget section */
		0518B78C2BAC27A600A26960 /* SimpleSiril */ = {
			isa = PBXNativeTarget;
			buildConfigurationList = 0518B79A2BAC27A800A26960 /* Build configuration list for PBXNativeTarget "SimpleSiril" */;
			buildPhases = (
				0518B7892BAC27A600A26960 /* Sources */,
				0518B78A2BAC27A600A26960 /* Frameworks */,
				05DD5BA82BB21F2A00D3A156 /* ShellScript */,
				0518B78B2BAC27A600A26960 /* Resources */,
			);
			buildRules = (
			);
			dependencies = (
			);
			name = SimpleSiril;
			productName = SimpleSiril;
			productReference = 0518B78D2BAC27A600A26960 /* SimpleSiril.app */;
			productType = "com.apple.product-type.application";
		};
/* End PBXNativeTarget section */

/* Begin PBXProject section */
		0518B7852BAC27A600A26960 /* Project object */ = {
			isa = PBXProject;
			attributes = {
				BuildIndependentTargetsInParallel = 1;
				LastSwiftUpdateCheck = 1530;
				LastUpgradeCheck = 1530;
				TargetAttributes = {
					0518B78C2BAC27A600A26960 = {
						CreatedOnToolsVersion = 15.3;
						LastSwiftMigration = 1530;
					};
				};
			};
			buildConfigurationList = 0518B7882BAC27A600A26960 /* Build configuration list for PBXProject "SimpleSiril" */;
			compatibilityVersion = "Xcode 14.0";
			developmentRegion = en;
			hasScannedForEncodings = 0;
			knownRegions = (
				en,
				Base,
			);
			mainGroup = 0518B7842BAC27A600A26960;
			productRefGroup = 0518B78E2BAC27A600A26960 /* Products */;
			projectDirPath = "";
			projectRoot = "";
			targets = (
				0518B78C2BAC27A600A26960 /* SimpleSiril */,
			);
		};
/* End PBXProject section */

/* Begin PBXResourcesBuildPhase section */
		0518B78B2BAC27A600A26960 /* Resources */ = {
			isa = PBXResourcesBuildPhase;
			buildActionMask = 2147483647;
			files = (
				0518B7932BAC27A800A26960 /* Assets.xcassets in Resources */,
				0518B7A02BAC27F400A26960 /* MainWindowController.xib in Resources */,
				0518B7A62BAC281B00A26960 /* PreferencesWindowController.xib in Resources */,
				0518B7AE2BAC313F00A26960 /* ImagesSelectionViewController.xib in Resources */,
				0518B7A82BAC281B00A26960 /* AboutWindowController.xib in Resources */,
				0518B7962BAC27A800A26960 /* Base in Resources */,
			);
			runOnlyForDeploymentPostprocessing = 0;
		};
/* End PBXResourcesBuildPhase section */

/* Begin PBXShellScriptBuildPhase section */
		05DD5BA82BB21F2A00D3A156 /* ShellScript */ = {
			isa = PBXShellScriptBuildPhase;
			alwaysOutOfDate = 1;
			buildActionMask = 2147483647;
			files = (
			);
			inputFileListPaths = (
			);
			inputPaths = (
			);
			outputFileListPaths = (
			);
			outputPaths = (
			);
			runOnlyForDeploymentPostprocessing = 0;
			shellPath = /bin/sh;
			shellScript = "#!/bin/bash\nif [ \"${CONFIGURATION}\" = \"Release\" ]; then\n    plist=\"SimpleSiril/Info.plist\"\n    rev=$(git rev-list `git branch | grep -e \"^*\" | cut -d' ' -f 2` | wc -l)\n    /usr/libexec/PlistBuddy -c \"Set :CFBundleVersion $rev\" \"$plist\"\nfi\n";
		};
/* End PBXShellScriptBuildPhase section */

/* Begin PBXSourcesBuildPhase section */
		0518B7892BAC27A600A26960 /* Sources */ = {
			isa = PBXSourcesBuildPhase;
			buildActionMask = 2147483647;
			files = (
				05C3134D2BAC51A300867CBF /* PreferenceValue.swift in Sources */,
				05219C372BAE470D002B838A /* ImageInfo.swift in Sources */,
				05DD5BAE2BB2330600D3A156 /* Application.m in Sources */,
				0518B7A52BAC281B00A26960 /* AboutWindowController.swift in Sources */,
				0518B7AC2BAC313400A26960 /* ImagesSelectionViewController.swift in Sources */,
				0518B7B02BAC325900A26960 /* BoxView.swift in Sources */,
				0518B79E2BAC27DD00A26960 /* MainWindowController.swift in Sources */,
				0518B7A72BAC281B00A26960 /* PreferencesWindowController.swift in Sources */,
				0541F5022BAF8889003E981F /* NSView.swift in Sources */,
				0518B7912BAC27A700A26960 /* ApplicationDelegate.swift in Sources */,
				0518B7B22BAC340200A26960 /* NSAppearance.swift in Sources */,
				05A6E9A02BAEFF9F007554AF /* ArrayIsEmpty.swift in Sources */,
				05DD5B6C2BB1F4B500D3A156 /* SizeTransformer.swift in Sources */,
				05219C222BAC8BC2002B838A /* Preferences.swift in Sources */,
			);
			runOnlyForDeploymentPostprocessing = 0;
		};
/* End PBXSourcesBuildPhase section */

/* Begin PBXVariantGroup section */
		0518B7942BAC27A800A26960 /* MainMenu.xib */ = {
			isa = PBXVariantGroup;
			children = (
				0518B7952BAC27A800A26960 /* Base */,
			);
			name = MainMenu.xib;
			sourceTree = "<group>";
		};
/* End PBXVariantGroup section */

/* Begin XCBuildConfiguration section */
		0518B7982BAC27A800A26960 /* Debug */ = {
			isa = XCBuildConfiguration;
			baseConfigurationReference = 05DD5B9F2BB21E3700D3A156 /* Debug.xcconfig */;
			buildSettings = {
				MACOSX_DEPLOYMENT_TARGET = 14.0;
			};
			name = Debug;
		};
		0518B7992BAC27A800A26960 /* Release */ = {
			isa = XCBuildConfiguration;
			baseConfigurationReference = 05DD5BA32BB21E3700D3A156 /* Release.xcconfig */;
			buildSettings = {
				MACOSX_DEPLOYMENT_TARGET = 14.0;
			};
			name = Release;
		};
		0518B79B2BAC27A800A26960 /* Debug */ = {
			isa = XCBuildConfiguration;
			buildSettings = {
				ASSETCATALOG_COMPILER_APPICON_NAME = AppIcon;
				ASSETCATALOG_COMPILER_GLOBAL_ACCENT_COLOR_NAME = AccentColor;
				CLANG_ENABLE_MODULES = YES;
				CODE_SIGN_ENTITLEMENTS = SimpleSiril/SimpleSiril.entitlements;
				INFOPLIST_FILE = SimpleSiril/Info.plist;
				INFOPLIST_KEY_LSApplicationCategoryType = "public.app-category.photography";
				LD_RUNPATH_SEARCH_PATHS = (
					"$(inherited)",
					"@executable_path/../Frameworks",
				);
				PRODUCT_BUNDLE_IDENTIFIER = "com.xs-labs.SimpleSiril";
				PRODUCT_NAME = "$(TARGET_NAME)";
				SWIFT_OBJC_BRIDGING_HEADER = "SimpleSiril/Bridging-Header.h";
				SWIFT_OPTIMIZATION_LEVEL = "-Onone";
				SWIFT_VERSION = 5.0;
			};
			name = Debug;
		};
		0518B79C2BAC27A800A26960 /* Release */ = {
			isa = XCBuildConfiguration;
			buildSettings = {
				ASSETCATALOG_COMPILER_APPICON_NAME = AppIcon;
				ASSETCATALOG_COMPILER_GLOBAL_ACCENT_COLOR_NAME = AccentColor;
				CLANG_ENABLE_MODULES = YES;
				CODE_SIGN_ENTITLEMENTS = SimpleSiril/SimpleSiril.entitlements;
				INFOPLIST_FILE = SimpleSiril/Info.plist;
				INFOPLIST_KEY_LSApplicationCategoryType = "public.app-category.photography";
				LD_RUNPATH_SEARCH_PATHS = (
					"$(inherited)",
					"@executable_path/../Frameworks",
				);
				PRODUCT_BUNDLE_IDENTIFIER = "com.xs-labs.SimpleSiril";
				PRODUCT_NAME = "$(TARGET_NAME)";
				SWIFT_OBJC_BRIDGING_HEADER = "SimpleSiril/Bridging-Header.h";
				SWIFT_VERSION = 5.0;
			};
			name = Release;
		};
/* End XCBuildConfiguration section */

/* Begin XCConfigurationList section */
		0518B7882BAC27A600A26960 /* Build configuration list for PBXProject "SimpleSiril" */ = {
			isa = XCConfigurationList;
			buildConfigurations = (
				0518B7982BAC27A800A26960 /* Debug */,
				0518B7992BAC27A800A26960 /* Release */,
			);
			defaultConfigurationIsVisible = 0;
			defaultConfigurationName = Release;
		};
		0518B79A2BAC27A800A26960 /* Build configuration list for PBXNativeTarget "SimpleSiril" */ = {
			isa = XCConfigurationList;
			buildConfigurations = (
				0518B79B2BAC27A800A26960 /* Debug */,
				0518B79C2BAC27A800A26960 /* Release */,
			);
			defaultConfigurationIsVisible = 0;
			defaultConfigurationName = Release;
		};
/* End XCConfigurationList section */
	};
	rootObject = 0518B7852BAC27A600A26960 /* Project object */;
}
